
Microsoft Visual Studio Solution File, Format Version 12.00
# Visual Studio Version 17
VisualStudioVersion = 17.1.32328.378
MinimumVisualStudioVersion = 10.0.40219.1
Project("{FAE04EC0-301F-11D3-BF4B-00C04F79EFBC}") = "Library", "Library\Library.csproj", "{08E7ECDA-EE17-4A4D-BB52-7D0502B93783}"
EndProject
Project("{FAE04EC0-301F-11D3-BF4B-00C04F79EFBC}") = "Library.Tests", "Library.Tests\Library.Tests.csproj", "{E2D06A6F-2A77-496B-9C50-43A32B69A62A}"
EndProject
Global
	GlobalSection(SolutionConfigurationPlatforms) = preSolution
		Debug|Any CPU = Debug|Any CPU
		Release|Any CPU = Release|Any CPU
	EndGlobalSection
	GlobalSection(ProjectConfigurationPlatforms) = postSolution
		{08E7ECDA-EE17-4A4D-BB52-7D0502B93783}.Debug|Any CPU.ActiveCfg = Debug|Any CPU
		{08E7ECDA-EE17-4A4D-BB52-7D0502B93783}.Debug|Any CPU.Build.0 = Debug|Any CPU
		{08E7ECDA-EE17-4A4D-BB52-7D0502B93783}.Release|Any CPU.ActiveCfg = Release|Any CPU
		{08E7ECDA-EE17-4A4D-BB52-7D0502B93783}.Release|Any CPU.Build.0 = Release|Any CPU
		{E2D06A6F-2A77-496B-9C50-43A32B69A62A}.Debug|Any CPU.ActiveCfg = Debug|Any CPU
		{E2D06A6F-2A77-496B-9C50-43A32B69A62A}.Debug|Any CPU.Build.0 = Debug|Any CPU
		{E2D06A6F-2A77-496B-9C50-43A32B69A62A}.Release|Any CPU.ActiveCfg = Release|Any CPU
		{E2D06A6F-2A77-496B-9C50-43A32B69A62A}.Release|Any CPU.Build.0 = Release|Any CPU
	EndGlobalSection
	GlobalSection(SolutionProperties) = preSolution
		HideSolutionNode = FALSE
	EndGlobalSection
	GlobalSection(ExtensibilityGlobals) = postSolution
		SolutionGuid = {EF1DEF4F-D4E9-400A-8BD6-EE26F79FCDC0}
	EndGlobalSection
EndGlobal
